{
  "nodes": {
    "nixpkgs": {
      "locked": {
        "lastModified": 1646811357,
        "narHash": "sha256-JJdz8QJ8Gz9ZChGfl4P9Cm8C9mYJLRGVsXcY9gNPtuI=",
        "owner": "nixOS",
        "repo": "nixpkgs",
        "rev": "e1f52cabc3cf7e22015f6ef940d3fb31ef1f0d40",
        "type": "github"
      },
      "original": {
        "owner": "nixOS",
        "repo": "nixpkgs",
        "type": "github"
      }
    },
    "root": {
      "inputs": {
        "nixpkgs": "nixpkgs",
        "utils": "utils"
      }
    },
    "utils": {
      "locked": {
        "lastModified": 1623875721,
        "narHash": "sha256-A8BU7bjS5GirpAUv4QA+QnJ4CceLHkcXdRp4xITDB0s=",
        "owner": "numtide",
        "repo": "flake-utils",
        "rev": "f7e004a55b120c02ecb6219596820fcd32ca8772",
        "type": "github"
      },
      "original": {
        "owner": "numtide",
        "repo": "flake-utils",
        "type": "github"
      }
    }
  },
  "root": "root",
  "version": 7
}
